lockfileVersion: '9.0'

settings:
  autoInstallPeers: true
  excludeLinksFromLockfile: false

importers:

  .:
    dependencies:
      fuse.js:
        specifier: ^7.3.0
        version: 7.3.0

packages:

  fuse.js@7.3.0:
    resolution: {integrity: sha512-plz8RVjfcDedTGfVngWH1jmJvBvAwi1v2jecfDerbEnMcmOYUEEwKFTHbNoCiYyzaK2Ws8lABkTCcRSqCY1q4w==}
    engines: {node: '>=10'}

snapshots:

  fuse.js@7.3.0: {}
